
Microsoft Visual Studio Solution File, Format Version 12.00
# Visual Studio 15
VisualStudioVersion = 15.0.27428.2005
MinimumVisualStudioVersion = 10.0.40219.1
Project("{FAE04EC0-301F-11D3-BF4B-00C04F79EFBC}") = "StudentCreator", "StudentCreator\StudentCreator.csproj", "{EA5921CC-A6DA-471D-811B-A3CE60D2DB20}"
EndProject
Project("{FAE04EC0-301F-11D3-BF4B-00C04F79EFBC}") = "StudentCreatorXUnitTests", "StudentCreatorXUnitTests\StudentCreatorXUnitTests.csproj", "{2794CD5A-23F3-48AE-8128-50E9775FE249}"
EndProject
Global
	GlobalSection(SolutionConfigurationPlatforms) = preSolution
		Debug|Any CPU = Debug|Any CPU
		Release|Any CPU = Release|Any CPU
	EndGlobalSection
	GlobalSection(ProjectConfigurationPlatforms) = postSolution
		{EA5921CC-A6DA-471D-811B-A3CE60D2DB20}.Debug|Any CPU.ActiveCfg = Debug|Any CPU
		{EA5921CC-A6DA-471D-811B-A3CE60D2DB20}.Debug|Any CPU.Build.0 = Debug|Any CPU
		{EA5921CC-A6DA-471D-811B-A3CE60D2DB20}.Release|Any CPU.ActiveCfg = Release|Any CPU
		{EA5921CC-A6DA-471D-811B-A3CE60D2DB20}.Release|Any CPU.Build.0 = Release|Any CPU
		{2794CD5A-23F3-48AE-8128-50E9775FE249}.Debug|Any CPU.ActiveCfg = Debug|Any CPU
		{2794CD5A-23F3-48AE-8128-50E9775FE249}.Debug|Any CPU.Build.0 = Debug|Any CPU
		{2794CD5A-23F3-48AE-8128-50E9775FE249}.Release|Any CPU.ActiveCfg = Release|Any CPU
		{2794CD5A-23F3-48AE-8128-50E9775FE249}.Release|Any CPU.Build.0 = Release|Any CPU
	EndGlobalSection
	GlobalSection(SolutionProperties) = preSolution
		HideSolutionNode = FALSE
	EndGlobalSection
	GlobalSection(ExtensibilityGlobals) = postSolution
		SolutionGuid = {6243F48B-C539-4787-BF88-81D13B1FDA8A}
	EndGlobalSection
EndGlobal
